{
    "name": "vscode-escurieux",
    "version": "0.0.1",
    "lockfileVersion": 2,
    "requires": true,
    "packages": {
        "": {
            "version": "0.0.1",
            "dependencies": {
                "@types/vscode": "^1.59.0"
            },
            "engines": {
                "vscode": "^1.59.0"
            }
        },
        "node_modules/@types/vscode": {
            "version": "1.59.0",
            "resolved": "https://registry.npmjs.org/@types/vscode/-/vscode-1.59.0.tgz",
            "integrity": "sha512-Zg38rusx2nU6gy6QdF7v4iqgxNfxzlBlDhrRCjOiPQp+sfaNrp3f9J6OHIhpGNN1oOAca4+9Hq0+8u3jwzPMlQ=="
        }
    },
    "dependencies": {
        "@types/vscode": {
            "version": "1.59.0",
            "resolved": "https://registry.npmjs.org/@types/vscode/-/vscode-1.59.0.tgz",
            "integrity": "sha512-Zg38rusx2nU6gy6QdF7v4iqgxNfxzlBlDhrRCjOiPQp+sfaNrp3f9J6OHIhpGNN1oOAca4+9Hq0+8u3jwzPMlQ=="
        }
    }
}
